
Microsoft Visual Studio Solution File, Format Version 12.00
# Visual Studio Version 17
VisualStudioVersion = 17.7.34031.279
MinimumVisualStudioVersion = 10.0.40219.1
Project("{FAE04EC0-301F-11D3-BF4B-00C04F79EFBC}") = "dz1", "dz1\dz1.csproj", "{26B260CD-E0CF-4EEC-91F7-D9276EF055DA}"
EndProject
Global
	GlobalSection(SolutionConfigurationPlatforms) = preSolution
		Debug|Any CPU = Debug|Any CPU
		Release|Any CPU = Release|Any CPU
	EndGlobalSection
	GlobalSection(ProjectConfigurationPlatforms) = postSolution
		{26B260CD-E0CF-4EEC-91F7-D9276EF055DA}.Debug|Any CPU.ActiveCfg = Debug|Any CPU
		{26B260CD-E0CF-4EEC-91F7-D9276EF055DA}.Debug|Any CPU.Build.0 = Debug|Any CPU
		{26B260CD-E0CF-4EEC-91F7-D9276EF055DA}.Release|Any CPU.ActiveCfg = Release|Any CPU
		{26B260CD-E0CF-4EEC-91F7-D9276EF055DA}.Release|Any CPU.Build.0 = Release|Any CPU
	EndGlobalSection
	GlobalSection(SolutionProperties) = preSolution
		HideSolutionNode = FALSE
	EndGlobalSection
	GlobalSection(ExtensibilityGlobals) = postSolution
		SolutionGuid = {3FBB9CF7-5093-4874-8B77-EE347BBC5B53}
	EndGlobalSection
EndGlobal
