
Microsoft Visual Studio Solution File, Format Version 12.00
# Visual Studio Version 17
VisualStudioVersion = 17.7.34031.279
MinimumVisualStudioVersion = 10.0.40219.1
Project("{9A19103F-16F7-4668-BE54-9A1E7A4F7556}") = "dz1", "dz1\dz1.csproj", "{26B260CD-E0CF-4EEC-91F7-D9276EF055DA}"
EndProject
Project("{9A19103F-16F7-4668-BE54-9A1E7A4F7556}") = "Dz_1_2", "Dz_1_2\Dz_1_2.csproj", "{82C74A63-5705-4E44-94DF-B736C5B51163}"
EndProject
Project("{9A19103F-16F7-4668-BE54-9A1E7A4F7556}") = "DZ1-3", "DZ1-3\DZ1-3.csproj", "{CBE49593-2296-40AB-96C6-13B4D0E3A09B}"
EndProject
Project("{9A19103F-16F7-4668-BE54-9A1E7A4F7556}") = "DZ2_1", "DZ2\DZ2_1\DZ2_1.csproj", "{41D7E74F-53FE-4C86-9CD6-F625B57B1B3D}"
EndProject
Project("{9A19103F-16F7-4668-BE54-9A1E7A4F7556}") = "DZ2_2", "DZ2_2\DZ2_2.csproj", "{BC2C5BC2-04F2-4325-B141-3A1D1641FEF0}"
EndProject
Project("{9A19103F-16F7-4668-BE54-9A1E7A4F7556}") = "DZ2-5", "DZ2\DZ2-5\DZ2-5.csproj", "{DEA1D8A4-A8B2-4743-B2B8-C91071B03B5F}"
EndProject
Project("{9A19103F-16F7-4668-BE54-9A1E7A4F7556}") = "DZ_5-1", "DZ_3\DZ_3-1\DZ_5-1.csproj", "{E663E9B8-9E1A-4F4A-A1C2-5C7AF0A681BA}"
EndProject
Project("{9A19103F-16F7-4668-BE54-9A1E7A4F7556}") = "DZ5-3", "DZ_3\DZ3-3\DZ5-3.csproj", "{A8EB4149-1905-497D-A145-807275372B31}"
EndProject
Project("{9A19103F-16F7-4668-BE54-9A1E7A4F7556}") = "DZ7_1", "DZ7\DZ7_1\DZ7_1.csproj", "{279538D6-6FB2-44A8-BFF5-ED93ABB45D78}"
EndProject
Project("{9A19103F-16F7-4668-BE54-9A1E7A4F7556}") = "DZ7-2", "DZ7\DZ-2\DZ7-2.csproj", "{92FAC6BE-A086-4DAA-AFC5-3F8A6BAE301C}"
EndProject
Project("{9A19103F-16F7-4668-BE54-9A1E7A4F7556}") = "DZ7-4", "DZ7\DZ7-4\DZ7-4.csproj", "{92A7C4FD-7F2E-4E1D-BE74-F38BFD88DD09}"
EndProject
Project("{9A19103F-16F7-4668-BE54-9A1E7A4F7556}") = "DZ3_1", "DZ3\DZ3_1\DZ3_1.csproj", "{52F71292-F897-4F3A-A4D1-284AD80A3294}"
EndProject
Project("{FAE04EC0-301F-11D3-BF4B-00C04F79EFBC}") = "DZ3_4", "DZ3\DZ3_4\DZ3_4.csproj", "{226ACDC2-4D44-4E2D-8EA7-30A618CD7132}"
EndProject
Global
	GlobalSection(SolutionConfigurationPlatforms) = preSolution
		Debug|Any CPU = Debug|Any CPU
		Release|Any CPU = Release|Any CPU
	EndGlobalSection
	GlobalSection(ProjectConfigurationPlatforms) = postSolution
		{26B260CD-E0CF-4EEC-91F7-D9276EF055DA}.Debug|Any CPU.ActiveCfg = Debug|Any CPU
		{26B260CD-E0CF-4EEC-91F7-D9276EF055DA}.Debug|Any CPU.Build.0 = Debug|Any CPU
		{26B260CD-E0CF-4EEC-91F7-D9276EF055DA}.Release|Any CPU.ActiveCfg = Release|Any CPU
		{26B260CD-E0CF-4EEC-91F7-D9276EF055DA}.Release|Any CPU.Build.0 = Release|Any CPU
		{82C74A63-5705-4E44-94DF-B736C5B51163}.Debug|Any CPU.ActiveCfg = Debug|Any CPU
		{82C74A63-5705-4E44-94DF-B736C5B51163}.Debug|Any CPU.Build.0 = Debug|Any CPU
		{82C74A63-5705-4E44-94DF-B736C5B51163}.Release|Any CPU.ActiveCfg = Release|Any CPU
		{82C74A63-5705-4E44-94DF-B736C5B51163}.Release|Any CPU.Build.0 = Release|Any CPU
		{CBE49593-2296-40AB-96C6-13B4D0E3A09B}.Debug|Any CPU.ActiveCfg = Debug|Any CPU
		{CBE49593-2296-40AB-96C6-13B4D0E3A09B}.Debug|Any CPU.Build.0 = Debug|Any CPU
		{CBE49593-2296-40AB-96C6-13B4D0E3A09B}.Release|Any CPU.ActiveCfg = Release|Any CPU
		{CBE49593-2296-40AB-96C6-13B4D0E3A09B}.Release|Any CPU.Build.0 = Release|Any CPU
		{41D7E74F-53FE-4C86-9CD6-F625B57B1B3D}.Debug|Any CPU.ActiveCfg = Debug|Any CPU
		{41D7E74F-53FE-4C86-9CD6-F625B57B1B3D}.Debug|Any CPU.Build.0 = Debug|Any CPU
		{41D7E74F-53FE-4C86-9CD6-F625B57B1B3D}.Release|Any CPU.ActiveCfg = Release|Any CPU
		{41D7E74F-53FE-4C86-9CD6-F625B57B1B3D}.Release|Any CPU.Build.0 = Release|Any CPU
		{BC2C5BC2-04F2-4325-B141-3A1D1641FEF0}.Debug|Any CPU.ActiveCfg = Debug|Any CPU
		{BC2C5BC2-04F2-4325-B141-3A1D1641FEF0}.Debug|Any CPU.Build.0 = Debug|Any CPU
		{BC2C5BC2-04F2-4325-B141-3A1D1641FEF0}.Release|Any CPU.ActiveCfg = Release|Any CPU
		{BC2C5BC2-04F2-4325-B141-3A1D1641FEF0}.Release|Any CPU.Build.0 = Release|Any CPU
		{DEA1D8A4-A8B2-4743-B2B8-C91071B03B5F}.Debug|Any CPU.ActiveCfg = Debug|Any CPU
		{DEA1D8A4-A8B2-4743-B2B8-C91071B03B5F}.Debug|Any CPU.Build.0 = Debug|Any CPU
		{DEA1D8A4-A8B2-4743-B2B8-C91071B03B5F}.Release|Any CPU.ActiveCfg = Release|Any CPU
		{DEA1D8A4-A8B2-4743-B2B8-C91071B03B5F}.Release|Any CPU.Build.0 = Release|Any CPU
		{E663E9B8-9E1A-4F4A-A1C2-5C7AF0A681BA}.Debug|Any CPU.ActiveCfg = Debug|Any CPU
		{E663E9B8-9E1A-4F4A-A1C2-5C7AF0A681BA}.Debug|Any CPU.Build.0 = Debug|Any CPU
		{E663E9B8-9E1A-4F4A-A1C2-5C7AF0A681BA}.Release|Any CPU.ActiveCfg = Release|Any CPU
		{E663E9B8-9E1A-4F4A-A1C2-5C7AF0A681BA}.Release|Any CPU.Build.0 = Release|Any CPU
		{A8EB4149-1905-497D-A145-807275372B31}.Debug|Any CPU.ActiveCfg = Debug|Any CPU
		{A8EB4149-1905-497D-A145-807275372B31}.Debug|Any CPU.Build.0 = Debug|Any CPU
		{A8EB4149-1905-497D-A145-807275372B31}.Release|Any CPU.ActiveCfg = Release|Any CPU
		{A8EB4149-1905-497D-A145-807275372B31}.Release|Any CPU.Build.0 = Release|Any CPU
		{279538D6-6FB2-44A8-BFF5-ED93ABB45D78}.Debug|Any CPU.ActiveCfg = Debug|Any CPU
		{279538D6-6FB2-44A8-BFF5-ED93ABB45D78}.Debug|Any CPU.Build.0 = Debug|Any CPU
		{279538D6-6FB2-44A8-BFF5-ED93ABB45D78}.Release|Any CPU.ActiveCfg = Release|Any CPU
		{279538D6-6FB2-44A8-BFF5-ED93ABB45D78}.Release|Any CPU.Build.0 = Release|Any CPU
		{92FAC6BE-A086-4DAA-AFC5-3F8A6BAE301C}.Debug|Any CPU.ActiveCfg = Debug|Any CPU
		{92FAC6BE-A086-4DAA-AFC5-3F8A6BAE301C}.Debug|Any CPU.Build.0 = Debug|Any CPU
		{92FAC6BE-A086-4DAA-AFC5-3F8A6BAE301C}.Release|Any CPU.ActiveCfg = Release|Any CPU
		{92FAC6BE-A086-4DAA-AFC5-3F8A6BAE301C}.Release|Any CPU.Build.0 = Release|Any CPU
		{92A7C4FD-7F2E-4E1D-BE74-F38BFD88DD09}.Debug|Any CPU.ActiveCfg = Debug|Any CPU
		{92A7C4FD-7F2E-4E1D-BE74-F38BFD88DD09}.Debug|Any CPU.Build.0 = Debug|Any CPU
		{92A7C4FD-7F2E-4E1D-BE74-F38BFD88DD09}.Release|Any CPU.ActiveCfg = Release|Any CPU
		{92A7C4FD-7F2E-4E1D-BE74-F38BFD88DD09}.Release|Any CPU.Build.0 = Release|Any CPU
		{52F71292-F897-4F3A-A4D1-284AD80A3294}.Debug|Any CPU.ActiveCfg = Debug|Any CPU
		{52F71292-F897-4F3A-A4D1-284AD80A3294}.Debug|Any CPU.Build.0 = Debug|Any CPU
		{52F71292-F897-4F3A-A4D1-284AD80A3294}.Release|Any CPU.ActiveCfg = Release|Any CPU
		{52F71292-F897-4F3A-A4D1-284AD80A3294}.Release|Any CPU.Build.0 = Release|Any CPU
		{226ACDC2-4D44-4E2D-8EA7-30A618CD7132}.Debug|Any CPU.ActiveCfg = Debug|Any CPU
		{226ACDC2-4D44-4E2D-8EA7-30A618CD7132}.Debug|Any CPU.Build.0 = Debug|Any CPU
		{226ACDC2-4D44-4E2D-8EA7-30A618CD7132}.Release|Any CPU.ActiveCfg = Release|Any CPU
		{226ACDC2-4D44-4E2D-8EA7-30A618CD7132}.Release|Any CPU.Build.0 = Release|Any CPU
	EndGlobalSection
	GlobalSection(SolutionProperties) = preSolution
		HideSolutionNode = FALSE
	EndGlobalSection
	GlobalSection(ExtensibilityGlobals) = postSolution
		SolutionGuid = {3FBB9CF7-5093-4874-8B77-EE347BBC5B53}
	EndGlobalSection
EndGlobal
