
Microsoft Visual Studio Solution File, Format Version 12.00
# Visual Studio Version 17
VisualStudioVersion = 17.7.34031.279
MinimumVisualStudioVersion = 10.0.40219.1
Project("{9A19103F-16F7-4668-BE54-9A1E7A4F7556}") = "DZ2_1", "DZ2\DZ2_1\DZ2_1.csproj", "{41D7E74F-53FE-4C86-9CD6-F625B57B1B3D}"
EndProject
Project("{9A19103F-16F7-4668-BE54-9A1E7A4F7556}") = "DZ2-5", "DZ2\DZ2-5\DZ2-5.csproj", "{DEA1D8A4-A8B2-4743-B2B8-C91071B03B5F}"
EndProject
Project("{9A19103F-16F7-4668-BE54-9A1E7A4F7556}") = "DZ7_1", "DZ7\DZ7_1\DZ7_1.csproj", "{279538D6-6FB2-44A8-BFF5-ED93ABB45D78}"
EndProject
Project("{9A19103F-16F7-4668-BE54-9A1E7A4F7556}") = "DZ7-2", "DZ7\DZ-2\DZ7-2.csproj", "{92FAC6BE-A086-4DAA-AFC5-3F8A6BAE301C}"
EndProject
Project("{9A19103F-16F7-4668-BE54-9A1E7A4F7556}") = "DZ7-4", "DZ7\DZ7-4\DZ7-4.csproj", "{92A7C4FD-7F2E-4E1D-BE74-F38BFD88DD09}"
EndProject
Project("{9A19103F-16F7-4668-BE54-9A1E7A4F7556}") = "DZ3_1", "DZ3\DZ3_1\DZ3_1.csproj", "{52F71292-F897-4F3A-A4D1-284AD80A3294}"
EndProject
Project("{9A19103F-16F7-4668-BE54-9A1E7A4F7556}") = "DZ3_4", "DZ3\DZ3_4\DZ3_4.csproj", "{226ACDC2-4D44-4E2D-8EA7-30A618CD7132}"
EndProject
Project("{9A19103F-16F7-4668-BE54-9A1E7A4F7556}") = "DZ9_1", "DZ_9\DZ9_1\DZ9_1.csproj", "{FF2A56CE-6EA9-4806-B01C-F5409DA1E654}"
EndProject
Project("{9A19103F-16F7-4668-BE54-9A1E7A4F7556}") = "DZ9_2", "DZ_9\DZ9_2\DZ9_2.csproj", "{05C039AC-4DC1-4AC8-839E-6403885F9A46}"
EndProject
Project("{9A19103F-16F7-4668-BE54-9A1E7A4F7556}") = "DZ12_1", "DZ12\DZ12_1\DZ12_1.csproj", "{D447F05F-1849-43C0-ADDB-3E7A57C6796B}"
EndProject
Project("{9A19103F-16F7-4668-BE54-9A1E7A4F7556}") = "DZ12_2", "DZ12\DZ12_2\DZ12_2.csproj", "{C000F98B-8FB0-48F4-BB7C-9BBCED6EBAD9}"
EndProject
Project("{9A19103F-16F7-4668-BE54-9A1E7A4F7556}") = "DZ3_3", "DZ_3\DZ3_3\DZ3_3.csproj", "{756F196B-C3F0-46E6-9D98-69504F23F4F1}"
EndProject
Project("{9A19103F-16F7-4668-BE54-9A1E7A4F7556}") = "DZ_4-1", "DZ4\DZ_4-1\DZ_4-1.csproj", "{A928567A-3EE1-43A5-A4E1-2C1E63265B74}"
EndProject
Project("{9A19103F-16F7-4668-BE54-9A1E7A4F7556}") = "DZ_4-2", "DZ4\DZ_4-2\DZ_4-2.csproj", "{09AA1BB7-DB1D-4830-B26B-BCC65F9729FE}"
EndProject
Project("{FAE04EC0-301F-11D3-BF4B-00C04F79EFBC}") = "DZ_5_1", "DZ_5\DZ_5_1\DZ_5_1.csproj", "{9B851CEB-200C-49AC-8241-AB8CC7CC991E}"
EndProject
Project("{FAE04EC0-301F-11D3-BF4B-00C04F79EFBC}") = "DZ_5_2", "DZ_5\DZ_5_2\DZ_5_2.csproj", "{9486A248-AE8D-45CC-8966-30FE5C1D2949}"
EndProject
Project("{FAE04EC0-301F-11D3-BF4B-00C04F79EFBC}") = "DZ_5_3", "DZ_5\DZ_5_3\DZ_5_3.csproj", "{8AD548FF-FF90-4D79-8325-0D96F43048AA}"
EndProject
Global
	GlobalSection(SolutionConfigurationPlatforms) = preSolution
		Debug|Any CPU = Debug|Any CPU
		Release|Any CPU = Release|Any CPU
	EndGlobalSection
	GlobalSection(ProjectConfigurationPlatforms) = postSolution
		{41D7E74F-53FE-4C86-9CD6-F625B57B1B3D}.Debug|Any CPU.ActiveCfg = Debug|Any CPU
		{41D7E74F-53FE-4C86-9CD6-F625B57B1B3D}.Debug|Any CPU.Build.0 = Debug|Any CPU
		{41D7E74F-53FE-4C86-9CD6-F625B57B1B3D}.Release|Any CPU.ActiveCfg = Release|Any CPU
		{41D7E74F-53FE-4C86-9CD6-F625B57B1B3D}.Release|Any CPU.Build.0 = Release|Any CPU
		{DEA1D8A4-A8B2-4743-B2B8-C91071B03B5F}.Debug|Any CPU.ActiveCfg = Debug|Any CPU
		{DEA1D8A4-A8B2-4743-B2B8-C91071B03B5F}.Debug|Any CPU.Build.0 = Debug|Any CPU
		{DEA1D8A4-A8B2-4743-B2B8-C91071B03B5F}.Release|Any CPU.ActiveCfg = Release|Any CPU
		{DEA1D8A4-A8B2-4743-B2B8-C91071B03B5F}.Release|Any CPU.Build.0 = Release|Any CPU
		{279538D6-6FB2-44A8-BFF5-ED93ABB45D78}.Debug|Any CPU.ActiveCfg = Debug|Any CPU
		{279538D6-6FB2-44A8-BFF5-ED93ABB45D78}.Debug|Any CPU.Build.0 = Debug|Any CPU
		{279538D6-6FB2-44A8-BFF5-ED93ABB45D78}.Release|Any CPU.ActiveCfg = Release|Any CPU
		{279538D6-6FB2-44A8-BFF5-ED93ABB45D78}.Release|Any CPU.Build.0 = Release|Any CPU
		{92FAC6BE-A086-4DAA-AFC5-3F8A6BAE301C}.Debug|Any CPU.ActiveCfg = Debug|Any CPU
		{92FAC6BE-A086-4DAA-AFC5-3F8A6BAE301C}.Debug|Any CPU.Build.0 = Debug|Any CPU
		{92FAC6BE-A086-4DAA-AFC5-3F8A6BAE301C}.Release|Any CPU.ActiveCfg = Release|Any CPU
		{92FAC6BE-A086-4DAA-AFC5-3F8A6BAE301C}.Release|Any CPU.Build.0 = Release|Any CPU
		{92A7C4FD-7F2E-4E1D-BE74-F38BFD88DD09}.Debug|Any CPU.ActiveCfg = Debug|Any CPU
		{92A7C4FD-7F2E-4E1D-BE74-F38BFD88DD09}.Debug|Any CPU.Build.0 = Debug|Any CPU
		{92A7C4FD-7F2E-4E1D-BE74-F38BFD88DD09}.Release|Any CPU.ActiveCfg = Release|Any CPU
		{92A7C4FD-7F2E-4E1D-BE74-F38BFD88DD09}.Release|Any CPU.Build.0 = Release|Any CPU
		{52F71292-F897-4F3A-A4D1-284AD80A3294}.Debug|Any CPU.ActiveCfg = Debug|Any CPU
		{52F71292-F897-4F3A-A4D1-284AD80A3294}.Debug|Any CPU.Build.0 = Debug|Any CPU
		{52F71292-F897-4F3A-A4D1-284AD80A3294}.Release|Any CPU.ActiveCfg = Release|Any CPU
		{52F71292-F897-4F3A-A4D1-284AD80A3294}.Release|Any CPU.Build.0 = Release|Any CPU
		{226ACDC2-4D44-4E2D-8EA7-30A618CD7132}.Debug|Any CPU.ActiveCfg = Debug|Any CPU
		{226ACDC2-4D44-4E2D-8EA7-30A618CD7132}.Debug|Any CPU.Build.0 = Debug|Any CPU
		{226ACDC2-4D44-4E2D-8EA7-30A618CD7132}.Release|Any CPU.ActiveCfg = Release|Any CPU
		{226ACDC2-4D44-4E2D-8EA7-30A618CD7132}.Release|Any CPU.Build.0 = Release|Any CPU
		{FF2A56CE-6EA9-4806-B01C-F5409DA1E654}.Debug|Any CPU.ActiveCfg = Debug|Any CPU
		{FF2A56CE-6EA9-4806-B01C-F5409DA1E654}.Debug|Any CPU.Build.0 = Debug|Any CPU
		{FF2A56CE-6EA9-4806-B01C-F5409DA1E654}.Release|Any CPU.ActiveCfg = Release|Any CPU
		{FF2A56CE-6EA9-4806-B01C-F5409DA1E654}.Release|Any CPU.Build.0 = Release|Any CPU
		{05C039AC-4DC1-4AC8-839E-6403885F9A46}.Debug|Any CPU.ActiveCfg = Debug|Any CPU
		{05C039AC-4DC1-4AC8-839E-6403885F9A46}.Debug|Any CPU.Build.0 = Debug|Any CPU
		{05C039AC-4DC1-4AC8-839E-6403885F9A46}.Release|Any CPU.ActiveCfg = Release|Any CPU
		{05C039AC-4DC1-4AC8-839E-6403885F9A46}.Release|Any CPU.Build.0 = Release|Any CPU
		{D447F05F-1849-43C0-ADDB-3E7A57C6796B}.Debug|Any CPU.ActiveCfg = Debug|Any CPU
		{D447F05F-1849-43C0-ADDB-3E7A57C6796B}.Debug|Any CPU.Build.0 = Debug|Any CPU
		{D447F05F-1849-43C0-ADDB-3E7A57C6796B}.Release|Any CPU.ActiveCfg = Release|Any CPU
		{D447F05F-1849-43C0-ADDB-3E7A57C6796B}.Release|Any CPU.Build.0 = Release|Any CPU
		{C000F98B-8FB0-48F4-BB7C-9BBCED6EBAD9}.Debug|Any CPU.ActiveCfg = Debug|Any CPU
		{C000F98B-8FB0-48F4-BB7C-9BBCED6EBAD9}.Debug|Any CPU.Build.0 = Debug|Any CPU
		{C000F98B-8FB0-48F4-BB7C-9BBCED6EBAD9}.Release|Any CPU.ActiveCfg = Release|Any CPU
		{C000F98B-8FB0-48F4-BB7C-9BBCED6EBAD9}.Release|Any CPU.Build.0 = Release|Any CPU
		{756F196B-C3F0-46E6-9D98-69504F23F4F1}.Debug|Any CPU.ActiveCfg = Debug|Any CPU
		{756F196B-C3F0-46E6-9D98-69504F23F4F1}.Debug|Any CPU.Build.0 = Debug|Any CPU
		{756F196B-C3F0-46E6-9D98-69504F23F4F1}.Release|Any CPU.ActiveCfg = Release|Any CPU
		{756F196B-C3F0-46E6-9D98-69504F23F4F1}.Release|Any CPU.Build.0 = Release|Any CPU
		{A928567A-3EE1-43A5-A4E1-2C1E63265B74}.Debug|Any CPU.ActiveCfg = Debug|Any CPU
		{A928567A-3EE1-43A5-A4E1-2C1E63265B74}.Debug|Any CPU.Build.0 = Debug|Any CPU
		{A928567A-3EE1-43A5-A4E1-2C1E63265B74}.Release|Any CPU.ActiveCfg = Release|Any CPU
		{A928567A-3EE1-43A5-A4E1-2C1E63265B74}.Release|Any CPU.Build.0 = Release|Any CPU
		{09AA1BB7-DB1D-4830-B26B-BCC65F9729FE}.Debug|Any CPU.ActiveCfg = Debug|Any CPU
		{09AA1BB7-DB1D-4830-B26B-BCC65F9729FE}.Debug|Any CPU.Build.0 = Debug|Any CPU
		{09AA1BB7-DB1D-4830-B26B-BCC65F9729FE}.Release|Any CPU.ActiveCfg = Release|Any CPU
		{09AA1BB7-DB1D-4830-B26B-BCC65F9729FE}.Release|Any CPU.Build.0 = Release|Any CPU
		{9B851CEB-200C-49AC-8241-AB8CC7CC991E}.Debug|Any CPU.ActiveCfg = Debug|Any CPU
		{9B851CEB-200C-49AC-8241-AB8CC7CC991E}.Debug|Any CPU.Build.0 = Debug|Any CPU
		{9B851CEB-200C-49AC-8241-AB8CC7CC991E}.Release|Any CPU.ActiveCfg = Release|Any CPU
		{9B851CEB-200C-49AC-8241-AB8CC7CC991E}.Release|Any CPU.Build.0 = Release|Any CPU
		{9486A248-AE8D-45CC-8966-30FE5C1D2949}.Debug|Any CPU.ActiveCfg = Debug|Any CPU
		{9486A248-AE8D-45CC-8966-30FE5C1D2949}.Debug|Any CPU.Build.0 = Debug|Any CPU
		{9486A248-AE8D-45CC-8966-30FE5C1D2949}.Release|Any CPU.ActiveCfg = Release|Any CPU
		{9486A248-AE8D-45CC-8966-30FE5C1D2949}.Release|Any CPU.Build.0 = Release|Any CPU
		{8AD548FF-FF90-4D79-8325-0D96F43048AA}.Debug|Any CPU.ActiveCfg = Debug|Any CPU
		{8AD548FF-FF90-4D79-8325-0D96F43048AA}.Debug|Any CPU.Build.0 = Debug|Any CPU
		{8AD548FF-FF90-4D79-8325-0D96F43048AA}.Release|Any CPU.ActiveCfg = Release|Any CPU
		{8AD548FF-FF90-4D79-8325-0D96F43048AA}.Release|Any CPU.Build.0 = Release|Any CPU
	EndGlobalSection
	GlobalSection(SolutionProperties) = preSolution
		HideSolutionNode = FALSE
	EndGlobalSection
	GlobalSection(ExtensibilityGlobals) = postSolution
		SolutionGuid = {3FBB9CF7-5093-4874-8B77-EE347BBC5B53}
	EndGlobalSection
EndGlobal
